
Microsoft Visual Studio Solution File, Format Version 12.00
# Visual Studio 15
VisualStudioVersion = 15.0.28307.271
MinimumVisualStudioVersion = 10.0.40219.1
Project("{FAE04EC0-301F-11D3-BF4B-00C04F79EFBC}") = "TareaProgramacionlll_filtroDB", "TareaProgramacionlll_filtroDB\TareaProgramacionlll_filtroDB.csproj", "{6F8144A1-6F78-45FB-BBFD-BFDFDA461219}"
EndProject
Global
	GlobalSection(SolutionConfigurationPlatforms) = preSolution
		Debug|Any CPU = Debug|Any CPU
		Release|Any CPU = Release|Any CPU
	EndGlobalSection
	GlobalSection(ProjectConfigurationPlatforms) = postSolution
		{6F8144A1-6F78-45FB-BBFD-BFDFDA461219}.Debug|Any CPU.ActiveCfg = Debug|Any CPU
		{6F8144A1-6F78-45FB-BBFD-BFDFDA461219}.Debug|Any CPU.Build.0 = Debug|Any CPU
		{6F8144A1-6F78-45FB-BBFD-BFDFDA461219}.Release|Any CPU.ActiveCfg = Release|Any CPU
		{6F8144A1-6F78-45FB-BBFD-BFDFDA461219}.Release|Any CPU.Build.0 = Release|Any CPU
	EndGlobalSection
	GlobalSection(SolutionProperties) = preSolution
		HideSolutionNode = FALSE
	EndGlobalSection
	GlobalSection(ExtensibilityGlobals) = postSolution
		SolutionGuid = {D2336421-6963-442E-BADD-EE54831F03FF}
	EndGlobalSection
EndGlobal
